# This file is generated by running "yarn install" inside your project.
# Manual changes might be lost - proceed with caution!

__metadata:
  version: 6
  cacheKey: 8

"@babel/code-frame@npm:^7.22.13":
  version: 7.22.13
  resolution: "@babel/code-frame@npm:7.22.13"
  dependencies:
    "@babel/highlight": ^7.22.13
    chalk: ^2.4.2
  checksum: 22e342c8077c8b77eeb11f554ecca2ba14153f707b85294fcf6070b6f6150aae88a7b7436dd88d8c9289970585f3fe5b9b941c5aa3aa26a6d5a8ef3f292da058
  languageName: node
  linkType: hard

"@babel/generator@npm:^7.22.15":
  version: 7.22.15
  resolution: "@babel/generator@npm:7.22.15"
  dependencies:
    "@babel/types": ^7.22.15
    "@jridgewell/gen-mapping": ^0.3.2
    "@jridgewell/trace-mapping": ^0.3.17
    jsesc: ^2.5.1
  checksum: 5b2a3ccdc3634f6ea86e0a442722bcd430238369432d31f15b428a4ee8013c2f4f917b5b135bf4fc1d0a3e2f87f10fd4ce5d07955ecc2d3b9400a05c2a481374
  languageName: node
  linkType: hard

"@babel/helper-environment-visitor@npm:^7.22.5":
  version: 7.22.5
  resolution: "@babel/helper-environment-visitor@npm:7.22.5"
  checksum: 248532077d732a34cd0844eb7b078ff917c3a8ec81a7f133593f71a860a582f05b60f818dc5049c2212e5baa12289c27889a4b81d56ef409b4863db49646c4b1
  languageName: node
  linkType: hard

"@babel/helper-function-name@npm:^7.22.5":
  version: 7.22.5
  resolution: "@babel/helper-function-name@npm:7.22.5"
  dependencies:
    "@babel/template": ^7.22.5
    "@babel/types": ^7.22.5
  checksum: 6b1f6ce1b1f4e513bf2c8385a557ea0dd7fa37971b9002ad19268ca4384bbe90c09681fe4c076013f33deabc63a53b341ed91e792de741b4b35e01c00238177a
  languageName: node
  linkType: hard

"@babel/helper-hoist-variables@npm:^7.22.5":
  version: 7.22.5
  resolution: "@babel/helper-hoist-variables@npm:7.22.5"
  dependencies:
    "@babel/types": ^7.22.5
  checksum: 394ca191b4ac908a76e7c50ab52102669efe3a1c277033e49467913c7ed6f7c64d7eacbeabf3bed39ea1f41731e22993f763b1edce0f74ff8563fd1f380d92cc
  languageName: node
  linkType: hard

"@babel/helper-split-export-declaration@npm:^7.22.6":
  version: 7.22.6
  resolution: "@babel/helper-split-export-declaration@npm:7.22.6"
  dependencies:
    "@babel/types": ^7.22.5
  checksum: e141cace583b19d9195f9c2b8e17a3ae913b7ee9b8120246d0f9ca349ca6f03cb2c001fd5ec57488c544347c0bb584afec66c936511e447fd20a360e591ac921
  languageName: node
  linkType: hard

"@babel/helper-string-parser@npm:^7.22.5":
  version: 7.22.5
  resolution: "@babel/helper-string-parser@npm:7.22.5"
  checksum: 836851ca5ec813077bbb303acc992d75a360267aa3b5de7134d220411c852a6f17de7c0d0b8c8dcc0f567f67874c00f4528672b2a4f1bc978a3ada64c8c78467
  languageName: node
  linkType: hard

"@babel/helper-validator-identifier@npm:^7.22.15, @babel/helper-validator-identifier@npm:^7.22.5":
  version: 7.22.15
  resolution: "@babel/helper-validator-identifier@npm:7.22.15"
  checksum: eb0bee4bda664c0959924bc1ad5611eacfce806f46612202dd164fef1df8fef1a11682a1e7615288987100e9fb304982b6e2a4ff07ffe842ab8765b95ed1118c
  languageName: node
  linkType: hard

"@babel/highlight@npm:^7.22.13":
  version: 7.22.13
  resolution: "@babel/highlight@npm:7.22.13"
  dependencies:
    "@babel/helper-validator-identifier": ^7.22.5
    chalk: ^2.4.2
    js-tokens: ^4.0.0
  checksum: 7266d2bff8aa8fc78eb65b6e92a8211e12897a731126a282d2f9bb50d8fcaa4c1b02af2284f990ac7e3ab8d892d448a2cab8f5ed0ea8a90bce2c025b11ebe802
  languageName: node
  linkType: hard

"@babel/parser@npm:^7.22.15, @babel/parser@npm:^7.22.16":
  version: 7.22.16
  resolution: "@babel/parser@npm:7.22.16"
  bin:
    parser: ./bin/babel-parser.js
  checksum: 944c756b5bdeb07b9fec16ecef6b3c61aff9d4c4b924abadcf01afa1840a740b8e2357ae00482b5b37daad6d2bfd848c947f27ad65138d687b6fdc924bc59edd
  languageName: node
  linkType: hard

"@babel/template@npm:^7.22.5":
  version: 7.22.15
  resolution: "@babel/template@npm:7.22.15"
  dependencies:
    "@babel/code-frame": ^7.22.13
    "@babel/parser": ^7.22.15
    "@babel/types": ^7.22.15
  checksum: 1f3e7dcd6c44f5904c184b3f7fe280394b191f2fed819919ffa1e529c259d5b197da8981b6ca491c235aee8dbad4a50b7e31304aa531271cb823a4a24a0dd8fd
  languageName: node
  linkType: hard

"@babel/traverse@npm:^7.0.0-beta.42":
  version: 7.22.17
  resolution: "@babel/traverse@npm:7.22.17"
  dependencies:
    "@babel/code-frame": ^7.22.13
    "@babel/generator": ^7.22.15
    "@babel/helper-environment-visitor": ^7.22.5
    "@babel/helper-function-name": ^7.22.5
    "@babel/helper-hoist-variables": ^7.22.5
    "@babel/helper-split-export-declaration": ^7.22.6
    "@babel/parser": ^7.22.16
    "@babel/types": ^7.22.17
    debug: ^4.1.0
    globals: ^11.1.0
  checksum: 1153ca166a0a9b3fddf67f7f7c8c5b4f88aa2c2c00261ff2fc8424a63bc93250ed3fd08b04bd526ad19e797aeb6f22161120646a570cbfe5ff2a5d2f5d28af01
  languageName: node
  linkType: hard

"@babel/types@npm:^7.0.0-beta.42, @babel/types@npm:^7.22.15, @babel/types@npm:^7.22.17, @babel/types@npm:^7.22.5, @babel/types@npm:^7.8.3":
  version: 7.22.17
  resolution: "@babel/types@npm:7.22.17"
  dependencies:
    "@babel/helper-string-parser": ^7.22.5
    "@babel/helper-validator-identifier": ^7.22.15
    to-fast-properties: ^2.0.0
  checksum: 7382220f6eb2548f2c867a98916c3aa8a6063498d5372e5d21d8d184ba354033defb72aeba5858c1b2b42177058b896a34a7dcbae5eccd47fb0104721efa909d
  languageName: node
  linkType: hard

"@esbuild/android-arm64@npm:0.19.2":
  version: 0.19.2
  resolution: "@esbuild/android-arm64@npm:0.19.2"
  conditions: os=android & cpu=arm64
  languageName: node
  linkType: hard

"@esbuild/android-arm@npm:0.19.2":
  version: 0.19.2
  resolution: "@esbuild/android-arm@npm:0.19.2"
  conditions: os=android & cpu=arm
  languageName: node
  linkType: hard

"@esbuild/android-x64@npm:0.19.2":
  version: 0.19.2
  resolution: "@esbuild/android-x64@npm:0.19.2"
  conditions: os=android & cpu=x64
  languageName: node
  linkType: hard

"@esbuild/darwin-arm64@npm:0.19.2":
  version: 0.19.2
  resolution: "@esbuild/darwin-arm64@npm:0.19.2"
  conditions: os=darwin & cpu=arm64
  languageName: node
  linkType: hard

"@esbuild/darwin-x64@npm:0.19.2":
  version: 0.19.2
  resolution: "@esbuild/darwin-x64@npm:0.19.2"
  conditions: os=darwin & cpu=x64
  languageName: node
  linkType: hard

"@esbuild/freebsd-arm64@npm:0.19.2":
  version: 0.19.2
  resolution: "@esbuild/freebsd-arm64@npm:0.19.2"
  conditions: os=freebsd & cpu=arm64
  languageName: node
  linkType: hard

"@esbuild/freebsd-x64@npm:0.19.2":
  version: 0.19.2
  resolution: "@esbuild/freebsd-x64@npm:0.19.2"
  conditions: os=freebsd & cpu=x64
  languageName: node
  linkType: hard

"@esbuild/linux-arm64@npm:0.19.2":
  version: 0.19.2
  resolution: "@esbuild/linux-arm64@npm:0.19.2"
  conditions: os=linux & cpu=arm64
  languageName: node
  linkType: hard

"@esbuild/linux-arm@npm:0.19.2":
  version: 0.19.2
  resolution: "@esbuild/linux-arm@npm:0.19.2"
  conditions: os=linux & cpu=arm
  languageName: node
  linkType: hard

"@esbuild/linux-ia32@npm:0.19.2":
  version: 0.19.2
  resolution: "@esbuild/linux-ia32@npm:0.19.2"
  conditions: os=linux & cpu=ia32
  languageName: node
  linkType: hard

"@esbuild/linux-loong64@npm:0.19.2":
  version: 0.19.2
  resolution: "@esbuild/linux-loong64@npm:0.19.2"
  conditions: os=linux & cpu=loong64
  languageName: node
  linkType: hard

"@esbuild/linux-mips64el@npm:0.19.2":
  version: 0.19.2
  resolution: "@esbuild/linux-mips64el@npm:0.19.2"
  conditions: os=linux & cpu=mips64el
  languageName: node
  linkType: hard

"@esbuild/linux-ppc64@npm:0.19.2":
  version: 0.19.2
  resolution: "@esbuild/linux-ppc64@npm:0.19.2"
  conditions: os=linux & cpu=ppc64
  languageName: node
  linkType: hard

"@esbuild/linux-riscv64@npm:0.19.2":
  version: 0.19.2
  resolution: "@esbuild/linux-riscv64@npm:0.19.2"
  conditions: os=linux & cpu=riscv64
  languageName: node
  linkType: hard

"@esbuild/linux-s390x@npm:0.19.2":
  version: 0.19.2
  resolution: "@esbuild/linux-s390x@npm:0.19.2"
  conditions: os=linux & cpu=s390x
  languageName: node
  linkType: hard

"@esbuild/linux-x64@npm:0.19.2":
  version: 0.19.2
  resolution: "@esbuild/linux-x64@npm:0.19.2"
  conditions: os=linux & cpu=x64
  languageName: node
  linkType: hard

"@esbuild/netbsd-x64@npm:0.19.2":
  version: 0.19.2
  resolution: "@esbuild/netbsd-x64@npm:0.19.2"
  conditions: os=netbsd & cpu=x64
  languageName: node
  linkType: hard

"@esbuild/openbsd-x64@npm:0.19.2":
  version: 0.19.2
  resolution: "@esbuild/openbsd-x64@npm:0.19.2"
  conditions: os=openbsd & cpu=x64
  languageName: node
  linkType: hard

"@esbuild/sunos-x64@npm:0.19.2":
  version: 0.19.2
  resolution: "@esbuild/sunos-x64@npm:0.19.2"
  conditions: os=sunos & cpu=x64
  languageName: node
  linkType: hard

"@esbuild/win32-arm64@npm:0.19.2":
  version: 0.19.2
  resolution: "@esbuild/win32-arm64@npm:0.19.2"
  conditions: os=win32 & cpu=arm64
  languageName: node
  linkType: hard

"@esbuild/win32-ia32@npm:0.19.2":
  version: 0.19.2
  resolution: "@esbuild/win32-ia32@npm:0.19.2"
  conditions: os=win32 & cpu=ia32
  languageName: node
  linkType: hard

"@esbuild/win32-x64@npm:0.19.2":
  version: 0.19.2
  resolution: "@esbuild/win32-x64@npm:0.19.2"
  conditions: os=win32 & cpu=x64
  languageName: node
  linkType: hard

"@jridgewell/gen-mapping@npm:^0.3.2":
  version: 0.3.3
  resolution: "@jridgewell/gen-mapping@npm:0.3.3"
  dependencies:
    "@jridgewell/set-array": ^1.0.1
    "@jridgewell/sourcemap-codec": ^1.4.10
    "@jridgewell/trace-mapping": ^0.3.9
  checksum: 4a74944bd31f22354fc01c3da32e83c19e519e3bbadafa114f6da4522ea77dd0c2842607e923a591d60a76699d819a2fbb6f3552e277efdb9b58b081390b60ab
  languageName: node
  linkType: hard

"@jridgewell/resolve-uri@npm:^3.1.0":
  version: 3.1.1
  resolution: "@jridgewell/resolve-uri@npm:3.1.1"
  checksum: f5b441fe7900eab4f9155b3b93f9800a916257f4e8563afbcd3b5a5337b55e52bd8ae6735453b1b745457d9f6cdb16d74cd6220bbdd98cf153239e13f6cbb653
  languageName: node
  linkType: hard

"@jridgewell/set-array@npm:^1.0.1":
  version: 1.1.2
  resolution: "@jridgewell/set-array@npm:1.1.2"
  checksum: 69a84d5980385f396ff60a175f7177af0b8da4ddb81824cb7016a9ef914eee9806c72b6b65942003c63f7983d4f39a5c6c27185bbca88eb4690b62075602e28e
  languageName: node
  linkType: hard

"@jridgewell/sourcemap-codec@npm:^1.4.10, @jridgewell/sourcemap-codec@npm:^1.4.14":
  version: 1.4.15
  resolution: "@jridgewell/sourcemap-codec@npm:1.4.15"
  checksum: b881c7e503db3fc7f3c1f35a1dd2655a188cc51a3612d76efc8a6eb74728bef5606e6758ee77423e564092b4a518aba569bbb21c9bac5ab7a35b0c6ae7e344c8
  languageName: node
  linkType: hard

"@jridgewell/trace-mapping@npm:^0.3.17, @jridgewell/trace-mapping@npm:^0.3.9":
  version: 0.3.19
  resolution: "@jridgewell/trace-mapping@npm:0.3.19"
  dependencies:
    "@jridgewell/resolve-uri": ^3.1.0
    "@jridgewell/sourcemap-codec": ^1.4.14
  checksum: 956a6f0f6fec060fb48c6bf1f5ec2064e13cd38c8be3873877d4b92b4a27ba58289a34071752671262a3e3c202abcc3fa2aac64d8447b4b0fa1ba3c9047f1c20
  languageName: node
  linkType: hard

"@types/babel-traverse@npm:^6.7.17":
  version: 6.25.7
  resolution: "@types/babel-traverse@npm:6.25.7"
  dependencies:
    "@types/babel-types": "*"
  checksum: 770f3cf4a4638fd36d82669c2994c8537f23727455f150fedf379df201880444081fea7162208b6019e4c30a68835c703d0446c11c780557ce9192cf27bc1174
  languageName: node
  linkType: hard

"@types/babel-types@npm:*":
  version: 7.0.11
  resolution: "@types/babel-types@npm:7.0.11"
  checksum: 9b02719c7cf5062c9ab656a3b4efe3dd79e7a4ab49b5a2ce18d4ec1cb326588a1b40fc03863c24c9dec962f56762c53ed06cdc2a1c241c84e76e54a37a6195fc
  languageName: node
  linkType: hard

"ansi-styles@npm:^3.2.1":
  version: 3.2.1
  resolution: "ansi-styles@npm:3.2.1"
  dependencies:
    color-convert: ^1.9.0
  checksum: d85ade01c10e5dd77b6c89f34ed7531da5830d2cb5882c645f330079975b716438cd7ebb81d0d6e6b4f9c577f19ae41ab55f07f19786b02f9dfd9e0377395665
  languageName: node
  linkType: hard

"babylon@npm:^7.0.0-beta.42":
  version: 7.0.0-beta.47
  resolution: "babylon@npm:7.0.0-beta.47"
  bin:
    babylon: ./bin/babylon.js
  checksum: f6ce13f2549d4770fe6de9a5e5bb86744600f45db59fc8d206758474933ed8294d55bfb237148180dd1c62c9a3f21054a52ffb5fc74a3b45b906b676dbc899b5
  languageName: node
  linkType: hard

"chalk@npm:^2.4.2":
  version: 2.4.2
  resolution: "chalk@npm:2.4.2"
  dependencies:
    ansi-styles: ^3.2.1
    escape-string-regexp: ^1.0.5
    supports-color: ^5.3.0
  checksum: ec3661d38fe77f681200f878edbd9448821924e0f93a9cefc0e26a33b145f1027a2084bf19967160d11e1f03bfe4eaffcabf5493b89098b2782c3fe0b03d80c2
  languageName: node
  linkType: hard

"color-convert@npm:^1.9.0":
  version: 1.9.3
  resolution: "color-convert@npm:1.9.3"
  dependencies:
    color-name: 1.1.3
  checksum: fd7a64a17cde98fb923b1dd05c5f2e6f7aefda1b60d67e8d449f9328b4e53b228a428fd38bfeaeb2db2ff6b6503a776a996150b80cdf224062af08a5c8a3a203
  languageName: node
  linkType: hard

"color-name@npm:1.1.3":
  version: 1.1.3
  resolution: "color-name@npm:1.1.3"
  checksum: 09c5d3e33d2105850153b14466501f2bfb30324a2f76568a408763a3b7433b0e50e5b4ab1947868e65cb101bb7cb75029553f2c333b6d4b8138a73fcc133d69d
  languageName: node
  linkType: hard

"debug@npm:^4.1.0":
  version: 4.3.4
  resolution: "debug@npm:4.3.4"
  dependencies:
    ms: 2.1.2
  peerDependenciesMeta:
    supports-color:
      optional: true
  checksum: 3dbad3f94ea64f34431a9cbf0bafb61853eda57bff2880036153438f50fb5a84f27683ba0d8e5426bf41a8c6ff03879488120cf5b3a761e77953169c0600a708
  languageName: node
  linkType: hard

"esbuild@npm:^0.19.2":
  version: 0.19.2
  resolution: "esbuild@npm:0.19.2"
  dependencies:
    "@esbuild/android-arm": 0.19.2
    "@esbuild/android-arm64": 0.19.2
    "@esbuild/android-x64": 0.19.2
    "@esbuild/darwin-arm64": 0.19.2
    "@esbuild/darwin-x64": 0.19.2
    "@esbuild/freebsd-arm64": 0.19.2
    "@esbuild/freebsd-x64": 0.19.2
    "@esbuild/linux-arm": 0.19.2
    "@esbuild/linux-arm64": 0.19.2
    "@esbuild/linux-ia32": 0.19.2
    "@esbuild/linux-loong64": 0.19.2
    "@esbuild/linux-mips64el": 0.19.2
    "@esbuild/linux-ppc64": 0.19.2
    "@esbuild/linux-riscv64": 0.19.2
    "@esbuild/linux-s390x": 0.19.2
    "@esbuild/linux-x64": 0.19.2
    "@esbuild/netbsd-x64": 0.19.2
    "@esbuild/openbsd-x64": 0.19.2
    "@esbuild/sunos-x64": 0.19.2
    "@esbuild/win32-arm64": 0.19.2
    "@esbuild/win32-ia32": 0.19.2
    "@esbuild/win32-x64": 0.19.2
  dependenciesMeta:
    "@esbuild/android-arm":
      optional: true
    "@esbuild/android-arm64":
      optional: true
    "@esbuild/android-x64":
      optional: true
    "@esbuild/darwin-arm64":
      optional: true
    "@esbuild/darwin-x64":
      optional: true
    "@esbuild/freebsd-arm64":
      optional: true
    "@esbuild/freebsd-x64":
      optional: true
    "@esbuild/linux-arm":
      optional: true
    "@esbuild/linux-arm64":
      optional: true
    "@esbuild/linux-ia32":
      optional: true
    "@esbuild/linux-loong64":
      optional: true
    "@esbuild/linux-mips64el":
      optional: true
    "@esbuild/linux-ppc64":
      optional: true
    "@esbuild/linux-riscv64":
      optional: true
    "@esbuild/linux-s390x":
      optional: true
    "@esbuild/linux-x64":
      optional: true
    "@esbuild/netbsd-x64":
      optional: true
    "@esbuild/openbsd-x64":
      optional: true
    "@esbuild/sunos-x64":
      optional: true
    "@esbuild/win32-arm64":
      optional: true
    "@esbuild/win32-ia32":
      optional: true
    "@esbuild/win32-x64":
      optional: true
  bin:
    esbuild: bin/esbuild
  checksum: f9ad8ad4f0cbcc675c059f2676c4458d75307af20f9168859de8642accd7f2b7d6bbe8286a23633790dcba07d1d66a8f63c204ea933a0d51300c1b69d4f25d8f
  languageName: node
  linkType: hard

"escape-string-regexp@npm:^1.0.5":
  version: 1.0.5
  resolution: "escape-string-regexp@npm:1.0.5"
  checksum: 6092fda75c63b110c706b6a9bfde8a612ad595b628f0bd2147eea1d3406723020810e591effc7db1da91d80a71a737a313567c5abb3813e8d9c71f4aa595b410
  languageName: node
  linkType: hard

"esnext@npm:^3.3.1":
  version: 3.3.1
  resolution: "esnext@npm:3.3.1"
  dependencies:
    "@babel/traverse": ^7.0.0-beta.42
    "@babel/types": ^7.0.0-beta.42
    "@types/babel-traverse": ^6.7.17
    babylon: ^7.0.0-beta.42
    magic-string: ^0.22.2
    mkdirp: ^0.5.1
    shebang-regex: ^2.0.0
    strip-indent: ^2.0.0
  bin:
    esnext: ./bin/index.js
  checksum: a35741245769b5840cef3e23a57f628f2ad65b937bedf3d44f007479d75f3eb66e31276f897fe03dbea1905080881ab687eeb5d34d68702bd97371fe985c2b92
  languageName: node
  linkType: hard

"globals@npm:^11.1.0":
  version: 11.12.0
  resolution: "globals@npm:11.12.0"
  checksum: 67051a45eca3db904aee189dfc7cd53c20c7d881679c93f6146ddd4c9f4ab2268e68a919df740d39c71f4445d2b38ee360fc234428baea1dbdfe68bbcb46979e
  languageName: node
  linkType: hard

"has-flag@npm:^3.0.0":
  version: 3.0.0
  resolution: "has-flag@npm:3.0.0"
  checksum: 4a15638b454bf086c8148979aae044dd6e39d63904cd452d970374fa6a87623423da485dfb814e7be882e05c096a7ccf1ebd48e7e7501d0208d8384ff4dea73b
  languageName: node
  linkType: hard

"js-tokens@npm:^4.0.0":
  version: 4.0.0
  resolution: "js-tokens@npm:4.0.0"
  checksum: 8a95213a5a77deb6cbe94d86340e8d9ace2b93bc367790b260101d2f36a2eaf4e4e22d9fa9cf459b38af3a32fb4190e638024cf82ec95ef708680e405ea7cc78
  languageName: node
  linkType: hard

"jsesc@npm:^2.5.1":
  version: 2.5.2
  resolution: "jsesc@npm:2.5.2"
  bin:
    jsesc: bin/jsesc
  checksum: 4dc190771129e12023f729ce20e1e0bfceac84d73a85bc3119f7f938843fe25a4aeccb54b6494dce26fcf263d815f5f31acdefac7cc9329efb8422a4f4d9fa9d
  languageName: node
  linkType: hard

"magic-string@npm:^0.22.2":
  version: 0.22.5
  resolution: "magic-string@npm:0.22.5"
  dependencies:
    vlq: ^0.2.2
  checksum: e4d8b2083ed81f139ca471c19f5d0505c0f9083e06b71f48835057b3295a9494a15aac6a111d335573b986a67d3932e41c726d2eb6c76af30d0391b5e254ced3
  languageName: node
  linkType: hard

"minimist@npm:^1.2.6":
  version: 1.2.8
  resolution: "minimist@npm:1.2.8"
  checksum: 75a6d645fb122dad29c06a7597bddea977258957ed88d7a6df59b5cd3fe4a527e253e9bbf2e783e4b73657f9098b96a5fe96ab8a113655d4109108577ecf85b0
  languageName: node
  linkType: hard

"mkdirp@npm:^0.5.1":
  version: 0.5.6
  resolution: "mkdirp@npm:0.5.6"
  dependencies:
    minimist: ^1.2.6
  bin:
    mkdirp: bin/cmd.js
  checksum: 0c91b721bb12c3f9af4b77ebf73604baf350e64d80df91754dc509491ae93bf238581e59c7188360cec7cb62fc4100959245a42cfe01834efedc5e9d068376c2
  languageName: node
  linkType: hard

"ms@npm:2.1.2":
  version: 2.1.2
  resolution: "ms@npm:2.1.2"
  checksum: 673cdb2c3133eb050c745908d8ce632ed2c02d85640e2edb3ace856a2266a813b30c613569bf3354fdf4ea7d1a1494add3bfa95e2713baa27d0c2c71fc44f58f
  languageName: node
  linkType: hard

"omni-extension-oobabooga@workspace:.":
  version: 0.0.0-use.local
  resolution: "omni-extension-oobabooga@workspace:."
  dependencies:
    esbuild: ^0.19.2
    esnext: ^3.3.1
    omnilib-llms: "https://github.com/manu-sapiens/omnilib-llms.git#main"
    omnilib-utils: "https://github.com/manu-sapiens/omnilib-utils.git#main"
  languageName: unknown
  linkType: soft

"omnilib-llms@https://github.com/manu-sapiens/omnilib-llms.git#main":
  version: 1.0.0
  resolution: "omnilib-llms@https://github.com/manu-sapiens/omnilib-llms.git#commit=dc338f9e1bb99a4e601cf609cbe7bd6f6d7be651"
  dependencies:
    omnilib-utils: "https://github.com/manu-sapiens/omnilib-utils.git#main"
  checksum: 48a4076580e74c390f9430a2c6003d1e178a0e330edec72089607c7b5d3ebfecdcf6226c24134d88c8023b36f29f9f38deeb0ec8c07e3d59ce31d2051b62d0cc
  languageName: node
  linkType: hard

"omnilib-utils@https://github.com/manu-sapiens/omnilib-utils.git#main":
  version: 1.0.0
  resolution: "omnilib-utils@https://github.com/manu-sapiens/omnilib-utils.git#commit=c3e9d003108073075745dc5bdbee6a2214ab87c2"
  checksum: b733087847508f850a80760e845b0156f0bb0e2fd89feb4696e0903f4478a475b021ebff95b81eec24e0d907a658be7c285d89b87cb6c2c8c6f86221acefc464
  languageName: node
  linkType: hard

"shebang-regex@npm:^2.0.0":
  version: 2.0.0
  resolution: "shebang-regex@npm:2.0.0"
  checksum: 6134412ab9ad38f81fa561f1e84cd5ef2a50b182babb06909ef15c6442aab6a985e3686ecaa6acac6806bf790f06fc6fe38924a371853406e5c3ac33ffb7cb10
  languageName: node
  linkType: hard

"strip-indent@npm:^2.0.0":
  version: 2.0.0
  resolution: "strip-indent@npm:2.0.0"
  checksum: 7d9080d02ddace616ebbc17846e41d3880cb147e2a81e51142281322ded6b05b230a4fb12c2e5266f62735cf8f5fb9839e55d74799d11f26bcc8c71ca049a0ba
  languageName: node
  linkType: hard

"supports-color@npm:^5.3.0":
  version: 5.5.0
  resolution: "supports-color@npm:5.5.0"
  dependencies:
    has-flag: ^3.0.0
  checksum: 95f6f4ba5afdf92f495b5a912d4abee8dcba766ae719b975c56c084f5004845f6f5a5f7769f52d53f40e21952a6d87411bafe34af4a01e65f9926002e38e1dac
  languageName: node
  linkType: hard

"to-fast-properties@npm:^2.0.0":
  version: 2.0.0
  resolution: "to-fast-properties@npm:2.0.0"
  checksum: be2de62fe58ead94e3e592680052683b1ec986c72d589e7b21e5697f8744cdbf48c266fa72f6c15932894c10187b5f54573a3bcf7da0bfd964d5caf23d436168
  languageName: node
  linkType: hard

"vlq@npm:^0.2.2":
  version: 0.2.3
  resolution: "vlq@npm:0.2.3"
  checksum: 2231d8caeb5b2c1a438677ab029e9a94aa6fb61ab05819c72691b792aea0456dab29576aff5ae29309ee45bad0a309e832dc45173119bca1393f3b87709d8f8d
  languageName: node
  linkType: hard
