# This file is generated by running "yarn install" inside your project.
# Manual changes might be lost - proceed with caution!

__metadata:
  version: 6
  cacheKey: 8

"@anthropic-ai/sdk@npm:^0.5.7":
  version: 0.5.10
  resolution: "@anthropic-ai/sdk@npm:0.5.10"
  dependencies:
    "@types/node": ^18.11.18
    "@types/node-fetch": ^2.6.4
    abort-controller: ^3.0.0
    agentkeepalive: ^4.2.1
    digest-fetch: ^1.3.0
    form-data-encoder: 1.7.2
    formdata-node: ^4.3.2
    node-fetch: ^2.6.7
  checksum: 4f70b06be7be7e9baee0d2b85648f17643a58c89003331a9b38dea8e3eaea3519d60ac5ef2074b903897214f53358b92c6e87e7ea4f22787410cccb85d5a8b1b
  languageName: node
  linkType: hard

"@babel/code-frame@npm:^7.22.10, @babel/code-frame@npm:^7.22.5":
  version: 7.22.13
  resolution: "@babel/code-frame@npm:7.22.13"
  dependencies:
    "@babel/highlight": ^7.22.13
    chalk: ^2.4.2
  checksum: 22e342c8077c8b77eeb11f554ecca2ba14153f707b85294fcf6070b6f6150aae88a7b7436dd88d8c9289970585f3fe5b9b941c5aa3aa26a6d5a8ef3f292da058
  languageName: node
  linkType: hard

"@babel/generator@npm:^7.22.10":
  version: 7.22.10
  resolution: "@babel/generator@npm:7.22.10"
  dependencies:
    "@babel/types": ^7.22.10
    "@jridgewell/gen-mapping": ^0.3.2
    "@jridgewell/trace-mapping": ^0.3.17
    jsesc: ^2.5.1
  checksum: 59a79730abdff9070692834bd3af179e7a9413fa2ff7f83dff3eb888765aeaeb2bfc7b0238a49613ed56e1af05956eff303cc139f2407eda8df974813e486074
  languageName: node
  linkType: hard

"@babel/helper-environment-visitor@npm:^7.22.5":
  version: 7.22.5
  resolution: "@babel/helper-environment-visitor@npm:7.22.5"
  checksum: 248532077d732a34cd0844eb7b078ff917c3a8ec81a7f133593f71a860a582f05b60f818dc5049c2212e5baa12289c27889a4b81d56ef409b4863db49646c4b1
  languageName: node
  linkType: hard

"@babel/helper-function-name@npm:^7.22.5":
  version: 7.22.5
  resolution: "@babel/helper-function-name@npm:7.22.5"
  dependencies:
    "@babel/template": ^7.22.5
    "@babel/types": ^7.22.5
  checksum: 6b1f6ce1b1f4e513bf2c8385a557ea0dd7fa37971b9002ad19268ca4384bbe90c09681fe4c076013f33deabc63a53b341ed91e792de741b4b35e01c00238177a
  languageName: node
  linkType: hard

"@babel/helper-hoist-variables@npm:^7.22.5":
  version: 7.22.5
  resolution: "@babel/helper-hoist-variables@npm:7.22.5"
  dependencies:
    "@babel/types": ^7.22.5
  checksum: 394ca191b4ac908a76e7c50ab52102669efe3a1c277033e49467913c7ed6f7c64d7eacbeabf3bed39ea1f41731e22993f763b1edce0f74ff8563fd1f380d92cc
  languageName: node
  linkType: hard

"@babel/helper-split-export-declaration@npm:^7.22.6":
  version: 7.22.6
  resolution: "@babel/helper-split-export-declaration@npm:7.22.6"
  dependencies:
    "@babel/types": ^7.22.5
  checksum: e141cace583b19d9195f9c2b8e17a3ae913b7ee9b8120246d0f9ca349ca6f03cb2c001fd5ec57488c544347c0bb584afec66c936511e447fd20a360e591ac921
  languageName: node
  linkType: hard

"@babel/helper-string-parser@npm:^7.22.5":
  version: 7.22.5
  resolution: "@babel/helper-string-parser@npm:7.22.5"
  checksum: 836851ca5ec813077bbb303acc992d75a360267aa3b5de7134d220411c852a6f17de7c0d0b8c8dcc0f567f67874c00f4528672b2a4f1bc978a3ada64c8c78467
  languageName: node
  linkType: hard

"@babel/helper-validator-identifier@npm:^7.22.5":
  version: 7.22.5
  resolution: "@babel/helper-validator-identifier@npm:7.22.5"
  checksum: 7f0f30113474a28298c12161763b49de5018732290ca4de13cdaefd4fd0d635a6fe3f6686c37a02905fb1e64f21a5ee2b55140cf7b070e729f1bd66866506aea
  languageName: node
  linkType: hard

"@babel/highlight@npm:^7.22.13":
  version: 7.22.13
  resolution: "@babel/highlight@npm:7.22.13"
  dependencies:
    "@babel/helper-validator-identifier": ^7.22.5
    chalk: ^2.4.2
    js-tokens: ^4.0.0
  checksum: 7266d2bff8aa8fc78eb65b6e92a8211e12897a731126a282d2f9bb50d8fcaa4c1b02af2284f990ac7e3ab8d892d448a2cab8f5ed0ea8a90bce2c025b11ebe802
  languageName: node
  linkType: hard

"@babel/parser@npm:^7.22.11, @babel/parser@npm:^7.22.5":
  version: 7.22.13
  resolution: "@babel/parser@npm:7.22.13"
  bin:
    parser: ./bin/babel-parser.js
  checksum: b774ae635fc0f019cc9e366fe42e5de35b46b52a0e61e6a2f136f8c822bfde16e13505a47a1aedc846312dd8fd4db7054c7d4039dc7641320d9c17f07004f200
  languageName: node
  linkType: hard

"@babel/template@npm:^7.22.5":
  version: 7.22.5
  resolution: "@babel/template@npm:7.22.5"
  dependencies:
    "@babel/code-frame": ^7.22.5
    "@babel/parser": ^7.22.5
    "@babel/types": ^7.22.5
  checksum: c5746410164039aca61829cdb42e9a55410f43cace6f51ca443313f3d0bdfa9a5a330d0b0df73dc17ef885c72104234ae05efede37c1cc8a72dc9f93425977a3
  languageName: node
  linkType: hard

"@babel/traverse@npm:^7.0.0-beta.42":
  version: 7.22.11
  resolution: "@babel/traverse@npm:7.22.11"
  dependencies:
    "@babel/code-frame": ^7.22.10
    "@babel/generator": ^7.22.10
    "@babel/helper-environment-visitor": ^7.22.5
    "@babel/helper-function-name": ^7.22.5
    "@babel/helper-hoist-variables": ^7.22.5
    "@babel/helper-split-export-declaration": ^7.22.6
    "@babel/parser": ^7.22.11
    "@babel/types": ^7.22.11
    debug: ^4.1.0
    globals: ^11.1.0
  checksum: 4ad62d548ca8b95dbf45bae16cc167428f174f3c837d55a5878b1f17bdbc8b384d6df741dc7c461b62c04d881cf25644d3ab885909ba46e3ac43224e2b15b504
  languageName: node
  linkType: hard

"@babel/types@npm:^7.0.0-beta.42, @babel/types@npm:^7.22.10, @babel/types@npm:^7.22.11, @babel/types@npm:^7.22.5, @babel/types@npm:^7.8.3":
  version: 7.22.11
  resolution: "@babel/types@npm:7.22.11"
  dependencies:
    "@babel/helper-string-parser": ^7.22.5
    "@babel/helper-validator-identifier": ^7.22.5
    to-fast-properties: ^2.0.0
  checksum: 431a6446896adb62c876d0fe75263835735d3c974aae05356a87eb55f087c20a777028cf08eadcace7993e058bbafe3b21ce2119363222c6cef9eedd7a204810
  languageName: node
  linkType: hard

"@esbuild/android-arm64@npm:0.19.2":
  version: 0.19.2
  resolution: "@esbuild/android-arm64@npm:0.19.2"
  conditions: os=android & cpu=arm64
  languageName: node
  linkType: hard

"@esbuild/android-arm@npm:0.19.2":
  version: 0.19.2
  resolution: "@esbuild/android-arm@npm:0.19.2"
  conditions: os=android & cpu=arm
  languageName: node
  linkType: hard

"@esbuild/android-x64@npm:0.19.2":
  version: 0.19.2
  resolution: "@esbuild/android-x64@npm:0.19.2"
  conditions: os=android & cpu=x64
  languageName: node
  linkType: hard

"@esbuild/darwin-arm64@npm:0.19.2":
  version: 0.19.2
  resolution: "@esbuild/darwin-arm64@npm:0.19.2"
  conditions: os=darwin & cpu=arm64
  languageName: node
  linkType: hard

"@esbuild/darwin-x64@npm:0.19.2":
  version: 0.19.2
  resolution: "@esbuild/darwin-x64@npm:0.19.2"
  conditions: os=darwin & cpu=x64
  languageName: node
  linkType: hard

"@esbuild/freebsd-arm64@npm:0.19.2":
  version: 0.19.2
  resolution: "@esbuild/freebsd-arm64@npm:0.19.2"
  conditions: os=freebsd & cpu=arm64
  languageName: node
  linkType: hard

"@esbuild/freebsd-x64@npm:0.19.2":
  version: 0.19.2
  resolution: "@esbuild/freebsd-x64@npm:0.19.2"
  conditions: os=freebsd & cpu=x64
  languageName: node
  linkType: hard

"@esbuild/linux-arm64@npm:0.19.2":
  version: 0.19.2
  resolution: "@esbuild/linux-arm64@npm:0.19.2"
  conditions: os=linux & cpu=arm64
  languageName: node
  linkType: hard

"@esbuild/linux-arm@npm:0.19.2":
  version: 0.19.2
  resolution: "@esbuild/linux-arm@npm:0.19.2"
  conditions: os=linux & cpu=arm
  languageName: node
  linkType: hard

"@esbuild/linux-ia32@npm:0.19.2":
  version: 0.19.2
  resolution: "@esbuild/linux-ia32@npm:0.19.2"
  conditions: os=linux & cpu=ia32
  languageName: node
  linkType: hard

"@esbuild/linux-loong64@npm:0.19.2":
  version: 0.19.2
  resolution: "@esbuild/linux-loong64@npm:0.19.2"
  conditions: os=linux & cpu=loong64
  languageName: node
  linkType: hard

"@esbuild/linux-mips64el@npm:0.19.2":
  version: 0.19.2
  resolution: "@esbuild/linux-mips64el@npm:0.19.2"
  conditions: os=linux & cpu=mips64el
  languageName: node
  linkType: hard

"@esbuild/linux-ppc64@npm:0.19.2":
  version: 0.19.2
  resolution: "@esbuild/linux-ppc64@npm:0.19.2"
  conditions: os=linux & cpu=ppc64
  languageName: node
  linkType: hard

"@esbuild/linux-riscv64@npm:0.19.2":
  version: 0.19.2
  resolution: "@esbuild/linux-riscv64@npm:0.19.2"
  conditions: os=linux & cpu=riscv64
  languageName: node
  linkType: hard

"@esbuild/linux-s390x@npm:0.19.2":
  version: 0.19.2
  resolution: "@esbuild/linux-s390x@npm:0.19.2"
  conditions: os=linux & cpu=s390x
  languageName: node
  linkType: hard

"@esbuild/linux-x64@npm:0.19.2":
  version: 0.19.2
  resolution: "@esbuild/linux-x64@npm:0.19.2"
  conditions: os=linux & cpu=x64
  languageName: node
  linkType: hard

"@esbuild/netbsd-x64@npm:0.19.2":
  version: 0.19.2
  resolution: "@esbuild/netbsd-x64@npm:0.19.2"
  conditions: os=netbsd & cpu=x64
  languageName: node
  linkType: hard

"@esbuild/openbsd-x64@npm:0.19.2":
  version: 0.19.2
  resolution: "@esbuild/openbsd-x64@npm:0.19.2"
  conditions: os=openbsd & cpu=x64
  languageName: node
  linkType: hard

"@esbuild/sunos-x64@npm:0.19.2":
  version: 0.19.2
  resolution: "@esbuild/sunos-x64@npm:0.19.2"
  conditions: os=sunos & cpu=x64
  languageName: node
  linkType: hard

"@esbuild/win32-arm64@npm:0.19.2":
  version: 0.19.2
  resolution: "@esbuild/win32-arm64@npm:0.19.2"
  conditions: os=win32 & cpu=arm64
  languageName: node
  linkType: hard

"@esbuild/win32-ia32@npm:0.19.2":
  version: 0.19.2
  resolution: "@esbuild/win32-ia32@npm:0.19.2"
  conditions: os=win32 & cpu=ia32
  languageName: node
  linkType: hard

"@esbuild/win32-x64@npm:0.19.2":
  version: 0.19.2
  resolution: "@esbuild/win32-x64@npm:0.19.2"
  conditions: os=win32 & cpu=x64
  languageName: node
  linkType: hard

"@jridgewell/gen-mapping@npm:^0.3.2":
  version: 0.3.3
  resolution: "@jridgewell/gen-mapping@npm:0.3.3"
  dependencies:
    "@jridgewell/set-array": ^1.0.1
    "@jridgewell/sourcemap-codec": ^1.4.10
    "@jridgewell/trace-mapping": ^0.3.9
  checksum: 4a74944bd31f22354fc01c3da32e83c19e519e3bbadafa114f6da4522ea77dd0c2842607e923a591d60a76699d819a2fbb6f3552e277efdb9b58b081390b60ab
  languageName: node
  linkType: hard

"@jridgewell/resolve-uri@npm:^3.1.0":
  version: 3.1.1
  resolution: "@jridgewell/resolve-uri@npm:3.1.1"
  checksum: f5b441fe7900eab4f9155b3b93f9800a916257f4e8563afbcd3b5a5337b55e52bd8ae6735453b1b745457d9f6cdb16d74cd6220bbdd98cf153239e13f6cbb653
  languageName: node
  linkType: hard

"@jridgewell/set-array@npm:^1.0.1":
  version: 1.1.2
  resolution: "@jridgewell/set-array@npm:1.1.2"
  checksum: 69a84d5980385f396ff60a175f7177af0b8da4ddb81824cb7016a9ef914eee9806c72b6b65942003c63f7983d4f39a5c6c27185bbca88eb4690b62075602e28e
  languageName: node
  linkType: hard

"@jridgewell/sourcemap-codec@npm:^1.4.10, @jridgewell/sourcemap-codec@npm:^1.4.14":
  version: 1.4.15
  resolution: "@jridgewell/sourcemap-codec@npm:1.4.15"
  checksum: b881c7e503db3fc7f3c1f35a1dd2655a188cc51a3612d76efc8a6eb74728bef5606e6758ee77423e564092b4a518aba569bbb21c9bac5ab7a35b0c6ae7e344c8
  languageName: node
  linkType: hard

"@jridgewell/trace-mapping@npm:^0.3.17, @jridgewell/trace-mapping@npm:^0.3.9":
  version: 0.3.19
  resolution: "@jridgewell/trace-mapping@npm:0.3.19"
  dependencies:
    "@jridgewell/resolve-uri": ^3.1.0
    "@jridgewell/sourcemap-codec": ^1.4.14
  checksum: 956a6f0f6fec060fb48c6bf1f5ec2064e13cd38c8be3873877d4b92b4a27ba58289a34071752671262a3e3c202abcc3fa2aac64d8447b4b0fa1ba3c9047f1c20
  languageName: node
  linkType: hard

"@types/babel-traverse@npm:^6.7.17":
  version: 6.25.7
  resolution: "@types/babel-traverse@npm:6.25.7"
  dependencies:
    "@types/babel-types": "*"
  checksum: 770f3cf4a4638fd36d82669c2994c8537f23727455f150fedf379df201880444081fea7162208b6019e4c30a68835c703d0446c11c780557ce9192cf27bc1174
  languageName: node
  linkType: hard

"@types/babel-types@npm:*":
  version: 7.0.11
  resolution: "@types/babel-types@npm:7.0.11"
  checksum: 9b02719c7cf5062c9ab656a3b4efe3dd79e7a4ab49b5a2ce18d4ec1cb326588a1b40fc03863c24c9dec962f56762c53ed06cdc2a1c241c84e76e54a37a6195fc
  languageName: node
  linkType: hard

"@types/node-fetch@npm:^2.6.4":
  version: 2.6.4
  resolution: "@types/node-fetch@npm:2.6.4"
  dependencies:
    "@types/node": "*"
    form-data: ^3.0.0
  checksum: f3e1d881bb42269e676ecaf49f0e096ab345e22823a2b2d071d60619414817fe02df48a31a8d05adb23054028a2a65521bdb3906ceb763ab6d3339c8d8775058
  languageName: node
  linkType: hard

"@types/node@npm:*":
  version: 20.5.7
  resolution: "@types/node@npm:20.5.7"
  checksum: fc284c8e16ddc04569730d58e87eae349eb1c3dd9020cb79a1862d9d9add6f04e7367a236f3252db8db2572f90278e250f4cd43d27d264972b54394eaba1ed76
  languageName: node
  linkType: hard

"@types/node@npm:^18.11.18":
  version: 18.17.12
  resolution: "@types/node@npm:18.17.12"
  checksum: 79f8bcca3067a3c529f30e172df8d14f25ab9e4cd6a05ed897a924ab1dec774e8ea172ef5c4a67ffec433d423a0c81778f17db22606d574bc83871b60aab298e
  languageName: node
  linkType: hard

"@types/retry@npm:0.12.0":
  version: 0.12.0
  resolution: "@types/retry@npm:0.12.0"
  checksum: 61a072c7639f6e8126588bf1eb1ce8835f2cb9c2aba795c4491cf6310e013267b0c8488039857c261c387e9728c1b43205099223f160bb6a76b4374f741b5603
  languageName: node
  linkType: hard

"@types/uuid@npm:^9.0.1":
  version: 9.0.2
  resolution: "@types/uuid@npm:9.0.2"
  checksum: 1754bcf3444e1e3aeadd6e774fc328eb53bc956665e2e8fb6ec127aa8e1f43d9a224c3d22a9a6233dca8dd81a12dc7fed4d84b8876dd5ec82d40f574f7ff8b68
  languageName: node
  linkType: hard

"abort-controller@npm:^3.0.0":
  version: 3.0.0
  resolution: "abort-controller@npm:3.0.0"
  dependencies:
    event-target-shim: ^5.0.0
  checksum: 170bdba9b47b7e65906a28c8ce4f38a7a369d78e2271706f020849c1bfe0ee2067d4261df8bbb66eb84f79208fd5b710df759d64191db58cfba7ce8ef9c54b75
  languageName: node
  linkType: hard

"agentkeepalive@npm:^4.2.1":
  version: 4.5.0
  resolution: "agentkeepalive@npm:4.5.0"
  dependencies:
    humanize-ms: ^1.2.1
  checksum: 13278cd5b125e51eddd5079f04d6fe0914ac1b8b91c1f3db2c1822f99ac1a7457869068997784342fe455d59daaff22e14fb7b8c3da4e741896e7e31faf92481
  languageName: node
  linkType: hard

"ansi-styles@npm:^3.2.1":
  version: 3.2.1
  resolution: "ansi-styles@npm:3.2.1"
  dependencies:
    color-convert: ^1.9.0
  checksum: d85ade01c10e5dd77b6c89f34ed7531da5830d2cb5882c645f330079975b716438cd7ebb81d0d6e6b4f9c577f19ae41ab55f07f19786b02f9dfd9e0377395665
  languageName: node
  linkType: hard

"ansi-styles@npm:^5.0.0":
  version: 5.2.0
  resolution: "ansi-styles@npm:5.2.0"
  checksum: d7f4e97ce0623aea6bc0d90dcd28881ee04cba06c570b97fd3391bd7a268eedfd9d5e2dd4fdcbdd82b8105df5faf6f24aaedc08eaf3da898e702db5948f63469
  languageName: node
  linkType: hard

"argparse@npm:^2.0.1":
  version: 2.0.1
  resolution: "argparse@npm:2.0.1"
  checksum: 83644b56493e89a254bae05702abf3a1101b4fa4d0ca31df1c9985275a5a5bd47b3c27b7fa0b71098d41114d8ca000e6ed90cad764b306f8a503665e4d517ced
  languageName: node
  linkType: hard

"asynckit@npm:^0.4.0":
  version: 0.4.0
  resolution: "asynckit@npm:0.4.0"
  checksum: 7b78c451df768adba04e2d02e63e2d0bf3b07adcd6e42b4cf665cb7ce899bedd344c69a1dcbce355b5f972d597b25aaa1c1742b52cffd9caccb22f348114f6be
  languageName: node
  linkType: hard

"axios@npm:^0.26.0":
  version: 0.26.1
  resolution: "axios@npm:0.26.1"
  dependencies:
    follow-redirects: ^1.14.8
  checksum: d9eb58ff4bc0b36a04783fc9ff760e9245c829a5a1052ee7ca6013410d427036b1d10d04e7380c02f3508c5eaf3485b1ae67bd2adbfec3683704745c8d7a6e1a
  languageName: node
  linkType: hard

"babylon@npm:^7.0.0-beta.42":
  version: 7.0.0-beta.47
  resolution: "babylon@npm:7.0.0-beta.47"
  bin:
    babylon: ./bin/babylon.js
  checksum: f6ce13f2549d4770fe6de9a5e5bb86744600f45db59fc8d206758474933ed8294d55bfb237148180dd1c62c9a3f21054a52ffb5fc74a3b45b906b676dbc899b5
  languageName: node
  linkType: hard

"base-64@npm:^0.1.0":
  version: 0.1.0
  resolution: "base-64@npm:0.1.0"
  checksum: 5a42938f82372ab5392cbacc85a5a78115cbbd9dbef9f7540fa47d78763a3a8bd7d598475f0d92341f66285afd377509851a9bb5c67bbecb89686e9255d5b3eb
  languageName: node
  linkType: hard

"base64-js@npm:^1.5.1":
  version: 1.5.1
  resolution: "base64-js@npm:1.5.1"
  checksum: 669632eb3745404c2f822a18fc3a0122d2f9a7a13f7fb8b5823ee19d1d2ff9ee5b52c53367176ea4ad093c332fd5ab4bd0ebae5a8e27917a4105a4cfc86b1005
  languageName: node
  linkType: hard

"big.js@npm:^5.2.2":
  version: 5.2.2
  resolution: "big.js@npm:5.2.2"
  checksum: b89b6e8419b097a8fb4ed2399a1931a68c612bce3cfd5ca8c214b2d017531191070f990598de2fc6f3f993d91c0f08aa82697717f6b3b8732c9731866d233c9e
  languageName: node
  linkType: hard

"binary-extensions@npm:^2.2.0":
  version: 2.2.0
  resolution: "binary-extensions@npm:2.2.0"
  checksum: ccd267956c58d2315f5d3ea6757cf09863c5fc703e50fbeb13a7dc849b812ef76e3cf9ca8f35a0c48498776a7478d7b4a0418e1e2b8cb9cb9731f2922aaad7f8
  languageName: node
  linkType: hard

"binary-search@npm:^1.3.5":
  version: 1.3.6
  resolution: "binary-search@npm:1.3.6"
  checksum: 2e6b3459a9c1ba1bd674a6a855a5ef7505f70707422244430e3510e989c0df6074a49fe60784a98b93b51545c9bcace1db1defee06ff861b124c036a2f2836bf
  languageName: node
  linkType: hard

"camelcase@npm:6":
  version: 6.3.0
  resolution: "camelcase@npm:6.3.0"
  checksum: 8c96818a9076434998511251dcb2761a94817ea17dbdc37f47ac080bd088fc62c7369429a19e2178b993497132c8cbcf5cc1f44ba963e76782ba469c0474938d
  languageName: node
  linkType: hard

"chalk@npm:^2.4.2":
  version: 2.4.2
  resolution: "chalk@npm:2.4.2"
  dependencies:
    ansi-styles: ^3.2.1
    escape-string-regexp: ^1.0.5
    supports-color: ^5.3.0
  checksum: ec3661d38fe77f681200f878edbd9448821924e0f93a9cefc0e26a33b145f1027a2084bf19967160d11e1f03bfe4eaffcabf5493b89098b2782c3fe0b03d80c2
  languageName: node
  linkType: hard

"charenc@npm:0.0.2":
  version: 0.0.2
  resolution: "charenc@npm:0.0.2"
  checksum: 81dcadbe57e861d527faf6dd3855dc857395a1c4d6781f4847288ab23cffb7b3ee80d57c15bba7252ffe3e5e8019db767757ee7975663ad2ca0939bb8fcaf2e5
  languageName: node
  linkType: hard

"color-convert@npm:^1.9.0":
  version: 1.9.3
  resolution: "color-convert@npm:1.9.3"
  dependencies:
    color-name: 1.1.3
  checksum: fd7a64a17cde98fb923b1dd05c5f2e6f7aefda1b60d67e8d449f9328b4e53b228a428fd38bfeaeb2db2ff6b6503a776a996150b80cdf224062af08a5c8a3a203
  languageName: node
  linkType: hard

"color-name@npm:1.1.3":
  version: 1.1.3
  resolution: "color-name@npm:1.1.3"
  checksum: 09c5d3e33d2105850153b14466501f2bfb30324a2f76568a408763a3b7433b0e50e5b4ab1947868e65cb101bb7cb75029553f2c333b6d4b8138a73fcc133d69d
  languageName: node
  linkType: hard

"combined-stream@npm:^1.0.8":
  version: 1.0.8
  resolution: "combined-stream@npm:1.0.8"
  dependencies:
    delayed-stream: ~1.0.0
  checksum: 49fa4aeb4916567e33ea81d088f6584749fc90c7abec76fd516bf1c5aa5c79f3584b5ba3de6b86d26ddd64bae5329c4c7479343250cfe71c75bb366eae53bb7c
  languageName: node
  linkType: hard

"commander@npm:^10.0.1":
  version: 10.0.1
  resolution: "commander@npm:10.0.1"
  checksum: 436901d64a818295803c1996cd856621a74f30b9f9e28a588e726b2b1670665bccd7c1a77007ebf328729f0139838a88a19265858a0fa7a8728c4656796db948
  languageName: node
  linkType: hard

"crypt@npm:0.0.2":
  version: 0.0.2
  resolution: "crypt@npm:0.0.2"
  checksum: baf4c7bbe05df656ec230018af8cf7dbe8c14b36b98726939cef008d473f6fe7a4fad906cfea4062c93af516f1550a3f43ceb4d6615329612c6511378ed9fe34
  languageName: node
  linkType: hard

"debug@npm:^4.1.0":
  version: 4.3.4
  resolution: "debug@npm:4.3.4"
  dependencies:
    ms: 2.1.2
  peerDependenciesMeta:
    supports-color:
      optional: true
  checksum: 3dbad3f94ea64f34431a9cbf0bafb61853eda57bff2880036153438f50fb5a84f27683ba0d8e5426bf41a8c6ff03879488120cf5b3a761e77953169c0600a708
  languageName: node
  linkType: hard

"decamelize@npm:^1.2.0":
  version: 1.2.0
  resolution: "decamelize@npm:1.2.0"
  checksum: ad8c51a7e7e0720c70ec2eeb1163b66da03e7616d7b98c9ef43cce2416395e84c1e9548dd94f5f6ffecfee9f8b94251fc57121a8b021f2ff2469b2bae247b8aa
  languageName: node
  linkType: hard

"delayed-stream@npm:~1.0.0":
  version: 1.0.0
  resolution: "delayed-stream@npm:1.0.0"
  checksum: 46fe6e83e2cb1d85ba50bd52803c68be9bd953282fa7096f51fc29edd5d67ff84ff753c51966061e5ba7cb5e47ef6d36a91924eddb7f3f3483b1c560f77a0020
  languageName: node
  linkType: hard

"digest-fetch@npm:^1.3.0":
  version: 1.3.0
  resolution: "digest-fetch@npm:1.3.0"
  dependencies:
    base-64: ^0.1.0
    md5: ^2.3.0
  checksum: 8ebdb4b9ef02b1ac0da532d25c7d08388f2552813dfadabfe7c4630e944bb4a48093b997fc926440a10e1ccf4912f2ce9adcf2d6687b0518dab8480e08f22f9d
  languageName: node
  linkType: hard

"emojis-list@npm:^3.0.0":
  version: 3.0.0
  resolution: "emojis-list@npm:3.0.0"
  checksum: ddaaa02542e1e9436c03970eeed445f4ed29a5337dfba0fe0c38dfdd2af5da2429c2a0821304e8a8d1cadf27fdd5b22ff793571fa803ae16852a6975c65e8e70
  languageName: node
  linkType: hard

"esbuild@npm:^0.19.2":
  version: 0.19.2
  resolution: "esbuild@npm:0.19.2"
  dependencies:
    "@esbuild/android-arm": 0.19.2
    "@esbuild/android-arm64": 0.19.2
    "@esbuild/android-x64": 0.19.2
    "@esbuild/darwin-arm64": 0.19.2
    "@esbuild/darwin-x64": 0.19.2
    "@esbuild/freebsd-arm64": 0.19.2
    "@esbuild/freebsd-x64": 0.19.2
    "@esbuild/linux-arm": 0.19.2
    "@esbuild/linux-arm64": 0.19.2
    "@esbuild/linux-ia32": 0.19.2
    "@esbuild/linux-loong64": 0.19.2
    "@esbuild/linux-mips64el": 0.19.2
    "@esbuild/linux-ppc64": 0.19.2
    "@esbuild/linux-riscv64": 0.19.2
    "@esbuild/linux-s390x": 0.19.2
    "@esbuild/linux-x64": 0.19.2
    "@esbuild/netbsd-x64": 0.19.2
    "@esbuild/openbsd-x64": 0.19.2
    "@esbuild/sunos-x64": 0.19.2
    "@esbuild/win32-arm64": 0.19.2
    "@esbuild/win32-ia32": 0.19.2
    "@esbuild/win32-x64": 0.19.2
  dependenciesMeta:
    "@esbuild/android-arm":
      optional: true
    "@esbuild/android-arm64":
      optional: true
    "@esbuild/android-x64":
      optional: true
    "@esbuild/darwin-arm64":
      optional: true
    "@esbuild/darwin-x64":
      optional: true
    "@esbuild/freebsd-arm64":
      optional: true
    "@esbuild/freebsd-x64":
      optional: true
    "@esbuild/linux-arm":
      optional: true
    "@esbuild/linux-arm64":
      optional: true
    "@esbuild/linux-ia32":
      optional: true
    "@esbuild/linux-loong64":
      optional: true
    "@esbuild/linux-mips64el":
      optional: true
    "@esbuild/linux-ppc64":
      optional: true
    "@esbuild/linux-riscv64":
      optional: true
    "@esbuild/linux-s390x":
      optional: true
    "@esbuild/linux-x64":
      optional: true
    "@esbuild/netbsd-x64":
      optional: true
    "@esbuild/openbsd-x64":
      optional: true
    "@esbuild/sunos-x64":
      optional: true
    "@esbuild/win32-arm64":
      optional: true
    "@esbuild/win32-ia32":
      optional: true
    "@esbuild/win32-x64":
      optional: true
  bin:
    esbuild: bin/esbuild
  checksum: f9ad8ad4f0cbcc675c059f2676c4458d75307af20f9168859de8642accd7f2b7d6bbe8286a23633790dcba07d1d66a8f63c204ea933a0d51300c1b69d4f25d8f
  languageName: node
  linkType: hard

"escape-string-regexp@npm:^1.0.5":
  version: 1.0.5
  resolution: "escape-string-regexp@npm:1.0.5"
  checksum: 6092fda75c63b110c706b6a9bfde8a612ad595b628f0bd2147eea1d3406723020810e591effc7db1da91d80a71a737a313567c5abb3813e8d9c71f4aa595b410
  languageName: node
  linkType: hard

"esnext@npm:^3.3.1":
  version: 3.3.1
  resolution: "esnext@npm:3.3.1"
  dependencies:
    "@babel/traverse": ^7.0.0-beta.42
    "@babel/types": ^7.0.0-beta.42
    "@types/babel-traverse": ^6.7.17
    babylon: ^7.0.0-beta.42
    magic-string: ^0.22.2
    mkdirp: ^0.5.1
    shebang-regex: ^2.0.0
    strip-indent: ^2.0.0
  bin:
    esnext: ./bin/index.js
  checksum: a35741245769b5840cef3e23a57f628f2ad65b937bedf3d44f007479d75f3eb66e31276f897fe03dbea1905080881ab687eeb5d34d68702bd97371fe985c2b92
  languageName: node
  linkType: hard

"event-target-shim@npm:^5.0.0":
  version: 5.0.1
  resolution: "event-target-shim@npm:5.0.1"
  checksum: 1ffe3bb22a6d51bdeb6bf6f7cf97d2ff4a74b017ad12284cc9e6a279e727dc30a5de6bb613e5596ff4dc3e517841339ad09a7eec44266eccb1aa201a30448166
  languageName: node
  linkType: hard

"eventemitter3@npm:^4.0.4":
  version: 4.0.7
  resolution: "eventemitter3@npm:4.0.7"
  checksum: 1875311c42fcfe9c707b2712c32664a245629b42bb0a5a84439762dd0fd637fc54d078155ea83c2af9e0323c9ac13687e03cfba79b03af9f40c89b4960099374
  languageName: node
  linkType: hard

"expr-eval@npm:^2.0.2":
  version: 2.0.2
  resolution: "expr-eval@npm:2.0.2"
  checksum: 01862f09b50b17b45a6268b1153280afede99e1b51752a323661f7f4010eaed34cd6c682bf439b7f8a92df6aa82f326f0ce0aa20964d175feee97377fe53921d
  languageName: node
  linkType: hard

"flat@npm:^5.0.2":
  version: 5.0.2
  resolution: "flat@npm:5.0.2"
  bin:
    flat: cli.js
  checksum: 12a1536ac746db74881316a181499a78ef953632ddd28050b7a3a43c62ef5462e3357c8c29d76072bb635f147f7a9a1f0c02efef6b4be28f8db62ceb3d5c7f5d
  languageName: node
  linkType: hard

"follow-redirects@npm:^1.14.8":
  version: 1.15.2
  resolution: "follow-redirects@npm:1.15.2"
  peerDependenciesMeta:
    debug:
      optional: true
  checksum: faa66059b66358ba65c234c2f2a37fcec029dc22775f35d9ad6abac56003268baf41e55f9ee645957b32c7d9f62baf1f0b906e68267276f54ec4b4c597c2b190
  languageName: node
  linkType: hard

"form-data-encoder@npm:1.7.2":
  version: 1.7.2
  resolution: "form-data-encoder@npm:1.7.2"
  checksum: aeebd87a1cb009e13cbb5e4e4008e6202ed5f6551eb6d9582ba8a062005178907b90f4887899d3c993de879159b6c0c940af8196725b428b4248cec5af3acf5f
  languageName: node
  linkType: hard

"form-data@npm:^3.0.0":
  version: 3.0.1
  resolution: "form-data@npm:3.0.1"
  dependencies:
    asynckit: ^0.4.0
    combined-stream: ^1.0.8
    mime-types: ^2.1.12
  checksum: b019e8d35c8afc14a2bd8a7a92fa4f525a4726b6d5a9740e8d2623c30e308fbb58dc8469f90415a856698933c8479b01646a9dff33c87cc4e76d72aedbbf860d
  languageName: node
  linkType: hard

"form-data@npm:^4.0.0":
  version: 4.0.0
  resolution: "form-data@npm:4.0.0"
  dependencies:
    asynckit: ^0.4.0
    combined-stream: ^1.0.8
    mime-types: ^2.1.12
  checksum: 01135bf8675f9d5c61ff18e2e2932f719ca4de964e3be90ef4c36aacfc7b9cb2fceb5eca0b7e0190e3383fe51c5b37f4cb80b62ca06a99aaabfcfd6ac7c9328c
  languageName: node
  linkType: hard

"formdata-node@npm:^4.3.2":
  version: 4.4.1
  resolution: "formdata-node@npm:4.4.1"
  dependencies:
    node-domexception: 1.0.0
    web-streams-polyfill: 4.0.0-beta.3
  checksum: d91d4f667cfed74827fc281594102c0dabddd03c9f8b426fc97123eedbf73f5060ee43205d89284d6854e2fc5827e030cd352ef68b93beda8decc2d72128c576
  languageName: node
  linkType: hard

"globals@npm:^11.1.0":
  version: 11.12.0
  resolution: "globals@npm:11.12.0"
  checksum: 67051a45eca3db904aee189dfc7cd53c20c7d881679c93f6146ddd4c9f4ab2268e68a919df740d39c71f4445d2b38ee360fc234428baea1dbdfe68bbcb46979e
  languageName: node
  linkType: hard

"gpt-tokenizer@npm:^2.1.1":
  version: 2.1.1
  resolution: "gpt-tokenizer@npm:2.1.1"
  dependencies:
    rfc4648: ^1.5.2
  checksum: f04eeeb4a1ddbe14b7dc08e1ec6792e1ade341e3ab0296ce7549ac77f007bf28864e0b4ebadc142298e212fe1856b45671e9e00cf173d41b71dae9e1da3a27ea
  languageName: node
  linkType: hard

"has-flag@npm:^3.0.0":
  version: 3.0.0
  resolution: "has-flag@npm:3.0.0"
  checksum: 4a15638b454bf086c8148979aae044dd6e39d63904cd452d970374fa6a87623423da485dfb814e7be882e05c096a7ccf1ebd48e7e7501d0208d8384ff4dea73b
  languageName: node
  linkType: hard

"humanize-ms@npm:^1.2.1":
  version: 1.2.1
  resolution: "humanize-ms@npm:1.2.1"
  dependencies:
    ms: ^2.0.0
  checksum: 9c7a74a2827f9294c009266c82031030eae811ca87b0da3dceb8d6071b9bde22c9f3daef0469c3c533cc67a97d8a167cd9fc0389350e5f415f61a79b171ded16
  languageName: node
  linkType: hard

"is-any-array@npm:^2.0.0":
  version: 2.0.1
  resolution: "is-any-array@npm:2.0.1"
  checksum: 472ed80e17d32951435087951af30c29498b163c31bf723dd5af76545b100bcfac6fad2df3f1a648b45e3b027de8f5dc2389935267ba5258eae85762804b4982
  languageName: node
  linkType: hard

"is-buffer@npm:~1.1.6":
  version: 1.1.6
  resolution: "is-buffer@npm:1.1.6"
  checksum: 4a186d995d8bbf9153b4bd9ff9fd04ae75068fe695d29025d25e592d9488911eeece84eefbd8fa41b8ddcc0711058a71d4c466dcf6f1f6e1d83830052d8ca707
  languageName: node
  linkType: hard

"js-tiktoken@npm:^1.0.7":
  version: 1.0.7
  resolution: "js-tiktoken@npm:1.0.7"
  dependencies:
    base64-js: ^1.5.1
  checksum: 4856641fed816e618c8a693db0a5478995c598914dec2ba9ccd69719a88a14756d5aec2eed0fba7a4999e603b277ba9a58fd7b2af98e8b638b39b436bbfb7060
  languageName: node
  linkType: hard

"js-tokens@npm:^4.0.0":
  version: 4.0.0
  resolution: "js-tokens@npm:4.0.0"
  checksum: 8a95213a5a77deb6cbe94d86340e8d9ace2b93bc367790b260101d2f36a2eaf4e4e22d9fa9cf459b38af3a32fb4190e638024cf82ec95ef708680e405ea7cc78
  languageName: node
  linkType: hard

"js-yaml@npm:^4.1.0":
  version: 4.1.0
  resolution: "js-yaml@npm:4.1.0"
  dependencies:
    argparse: ^2.0.1
  bin:
    js-yaml: bin/js-yaml.js
  checksum: c7830dfd456c3ef2c6e355cc5a92e6700ceafa1d14bba54497b34a99f0376cecbb3e9ac14d3e5849b426d5a5140709a66237a8c991c675431271c4ce5504151a
  languageName: node
  linkType: hard

"jsesc@npm:^2.5.1":
  version: 2.5.2
  resolution: "jsesc@npm:2.5.2"
  bin:
    jsesc: bin/jsesc
  checksum: 4dc190771129e12023f729ce20e1e0bfceac84d73a85bc3119f7f938843fe25a4aeccb54b6494dce26fcf263d815f5f31acdefac7cc9329efb8422a4f4d9fa9d
  languageName: node
  linkType: hard

"json5@npm:^2.1.2":
  version: 2.2.3
  resolution: "json5@npm:2.2.3"
  bin:
    json5: lib/cli.js
  checksum: 2a7436a93393830bce797d4626275152e37e877b265e94ca69c99e3d20c2b9dab021279146a39cdb700e71b2dd32a4cebd1514cd57cee102b1af906ce5040349
  languageName: node
  linkType: hard

"jsonpointer@npm:^5.0.1":
  version: 5.0.1
  resolution: "jsonpointer@npm:5.0.1"
  checksum: 0b40f712900ad0c846681ea2db23b6684b9d5eedf55807b4708c656f5894b63507d0e28ae10aa1bddbea551241035afe62b6df0800fc94c2e2806a7f3adecd7c
  languageName: node
  linkType: hard

"langchain@npm:^0.0.123":
  version: 0.0.123
  resolution: "langchain@npm:0.0.123"
  dependencies:
    "@anthropic-ai/sdk": ^0.5.7
    ansi-styles: ^5.0.0
    binary-extensions: ^2.2.0
    camelcase: 6
    decamelize: ^1.2.0
    expr-eval: ^2.0.2
    flat: ^5.0.2
    js-tiktoken: ^1.0.7
    js-yaml: ^4.1.0
    jsonpointer: ^5.0.1
    langsmith: ~0.0.16
    ml-distance: ^4.0.0
    object-hash: ^3.0.0
    openai: ^3.3.0
    openapi-types: ^12.1.3
    p-queue: ^6.6.2
    p-retry: 4
    uuid: ^9.0.0
    yaml: ^2.2.1
    zod: ^3.21.4
    zod-to-json-schema: ^3.20.4
  peerDependencies:
    "@aws-sdk/client-dynamodb": ^3.310.0
    "@aws-sdk/client-kendra": ^3.352.0
    "@aws-sdk/client-lambda": ^3.310.0
    "@aws-sdk/client-s3": ^3.310.0
    "@aws-sdk/client-sagemaker-runtime": ^3.310.0
    "@aws-sdk/client-sfn": ^3.310.0
    "@azure/storage-blob": ^12.15.0
    "@clickhouse/client": ^0.0.14
    "@elastic/elasticsearch": ^8.4.0
    "@getmetal/metal-sdk": "*"
    "@getzep/zep-js": ^0.4.1
    "@gomomento/sdk": ^1.23.0
    "@google-ai/generativelanguage": ^0.2.1
    "@google-cloud/storage": ^6.10.1
    "@huggingface/inference": ^1.5.1
    "@notionhq/client": ^2.2.5
    "@opensearch-project/opensearch": "*"
    "@pinecone-database/pinecone": "*"
    "@planetscale/database": ^1.8.0
    "@qdrant/js-client-rest": ^1.2.0
    "@supabase/postgrest-js": ^1.1.1
    "@supabase/supabase-js": ^2.10.0
    "@tensorflow-models/universal-sentence-encoder": "*"
    "@tensorflow/tfjs-converter": "*"
    "@tensorflow/tfjs-core": "*"
    "@tigrisdata/vector": ^1.1.0
    "@upstash/redis": ^1.20.6
    "@xata.io/client": ^0.25.1
    "@zilliz/milvus2-sdk-node": ">=2.2.7"
    apify-client: ^2.7.1
    axios: "*"
    cheerio: ^1.0.0-rc.12
    chromadb: ^1.5.3
    cohere-ai: ^5.0.2
    d3-dsv: ^2.0.0
    epub2: ^3.0.1
    faiss-node: ^0.2.1
    firebase-admin: ^11.9.0
    google-auth-library: ^8.9.0
    hnswlib-node: ^1.4.2
    html-to-text: ^9.0.5
    ignore: ^5.2.0
    ioredis: ^5.3.2
    mammoth: "*"
    mongodb: ^5.2.0
    mysql2: ^3.3.3
    notion-to-md: ^3.1.0
    pdf-parse: 1.1.1
    peggy: ^3.0.2
    pg: ^8.11.0
    pg-copy-streams: ^6.0.5
    pickleparser: ^0.1.0
    playwright: ^1.32.1
    puppeteer: ^19.7.2
    redis: ^4.6.4
    replicate: ^0.12.3
    sonix-speech-recognition: ^2.1.1
    srt-parser-2: ^1.2.2
    typeorm: ^0.3.12
    typesense: ^1.5.3
    vectordb: ^0.1.4
    weaviate-ts-client: ^1.0.0
  peerDependenciesMeta:
    "@aws-sdk/client-dynamodb":
      optional: true
    "@aws-sdk/client-kendra":
      optional: true
    "@aws-sdk/client-lambda":
      optional: true
    "@aws-sdk/client-s3":
      optional: true
    "@aws-sdk/client-sagemaker-runtime":
      optional: true
    "@aws-sdk/client-sfn":
      optional: true
    "@azure/storage-blob":
      optional: true
    "@clickhouse/client":
      optional: true
    "@elastic/elasticsearch":
      optional: true
    "@getmetal/metal-sdk":
      optional: true
    "@getzep/zep-js":
      optional: true
    "@gomomento/sdk":
      optional: true
    "@google-ai/generativelanguage":
      optional: true
    "@google-cloud/storage":
      optional: true
    "@huggingface/inference":
      optional: true
    "@notionhq/client":
      optional: true
    "@opensearch-project/opensearch":
      optional: true
    "@pinecone-database/pinecone":
      optional: true
    "@planetscale/database":
      optional: true
    "@qdrant/js-client-rest":
      optional: true
    "@supabase/postgrest-js":
      optional: true
    "@supabase/supabase-js":
      optional: true
    "@tensorflow-models/universal-sentence-encoder":
      optional: true
    "@tensorflow/tfjs-converter":
      optional: true
    "@tensorflow/tfjs-core":
      optional: true
    "@tigrisdata/vector":
      optional: true
    "@upstash/redis":
      optional: true
    "@xata.io/client":
      optional: true
    "@zilliz/milvus2-sdk-node":
      optional: true
    apify-client:
      optional: true
    axios:
      optional: true
    cheerio:
      optional: true
    chromadb:
      optional: true
    cohere-ai:
      optional: true
    d3-dsv:
      optional: true
    epub2:
      optional: true
    faiss-node:
      optional: true
    firebase-admin:
      optional: true
    google-auth-library:
      optional: true
    hnswlib-node:
      optional: true
    html-to-text:
      optional: true
    ignore:
      optional: true
    ioredis:
      optional: true
    mammoth:
      optional: true
    mongodb:
      optional: true
    mysql2:
      optional: true
    notion-to-md:
      optional: true
    pdf-parse:
      optional: true
    peggy:
      optional: true
    pg:
      optional: true
    pg-copy-streams:
      optional: true
    pickleparser:
      optional: true
    playwright:
      optional: true
    puppeteer:
      optional: true
    redis:
      optional: true
    replicate:
      optional: true
    sonix-speech-recognition:
      optional: true
    srt-parser-2:
      optional: true
    typeorm:
      optional: true
    typesense:
      optional: true
    vectordb:
      optional: true
    weaviate-ts-client:
      optional: true
  checksum: 94ba20280f1a1eb07cf6ac95618696ad31639ec4af7b57c905472854ac04da31023f2e82c2bfc84fe1a12fa80c0cde92f4d5da08d66ce411be0de032fd812bf4
  languageName: node
  linkType: hard

"langsmith@npm:~0.0.16":
  version: 0.0.28
  resolution: "langsmith@npm:0.0.28"
  dependencies:
    "@types/uuid": ^9.0.1
    commander: ^10.0.1
    p-queue: ^6.6.2
    p-retry: 4
    uuid: ^9.0.0
  bin:
    langsmith: dist/cli/main.cjs
  checksum: 0b7b93cacd2b62cdb6239fa92e2227654f35cfb09fe7804dd7e95489ef8cc574aecca52ea22a8cea5bf6a30ed07230d0f52b0730ee2e680585e9527ba1f8d4fb
  languageName: node
  linkType: hard

"loader-utils@npm:^2.0.0":
  version: 2.0.4
  resolution: "loader-utils@npm:2.0.4"
  dependencies:
    big.js: ^5.2.2
    emojis-list: ^3.0.0
    json5: ^2.1.2
  checksum: a5281f5fff1eaa310ad5e1164095689443630f3411e927f95031ab4fb83b4a98f388185bb1fe949e8ab8d4247004336a625e9255c22122b815bb9a4c5d8fc3b7
  languageName: node
  linkType: hard

"magic-string@npm:^0.22.2":
  version: 0.22.5
  resolution: "magic-string@npm:0.22.5"
  dependencies:
    vlq: ^0.2.2
  checksum: e4d8b2083ed81f139ca471c19f5d0505c0f9083e06b71f48835057b3295a9494a15aac6a111d335573b986a67d3932e41c726d2eb6c76af30d0391b5e254ced3
  languageName: node
  linkType: hard

"md5@npm:^2.3.0":
  version: 2.3.0
  resolution: "md5@npm:2.3.0"
  dependencies:
    charenc: 0.0.2
    crypt: 0.0.2
    is-buffer: ~1.1.6
  checksum: a63cacf4018dc9dee08c36e6f924a64ced735b37826116c905717c41cebeb41a522f7a526ba6ad578f9c80f02cb365033ccd67fe186ffbcc1a1faeb75daa9b6e
  languageName: node
  linkType: hard

"mime-db@npm:1.52.0":
  version: 1.52.0
  resolution: "mime-db@npm:1.52.0"
  checksum: 0d99a03585f8b39d68182803b12ac601d9c01abfa28ec56204fa330bc9f3d1c5e14beb049bafadb3dbdf646dfb94b87e24d4ec7b31b7279ef906a8ea9b6a513f
  languageName: node
  linkType: hard

"mime-types@npm:^2.1.12":
  version: 2.1.35
  resolution: "mime-types@npm:2.1.35"
  dependencies:
    mime-db: 1.52.0
  checksum: 89a5b7f1def9f3af5dad6496c5ed50191ae4331cc5389d7c521c8ad28d5fdad2d06fd81baf38fed813dc4e46bb55c8145bb0ff406330818c9cf712fb2e9b3836
  languageName: node
  linkType: hard

"minimist@npm:^1.2.6":
  version: 1.2.8
  resolution: "minimist@npm:1.2.8"
  checksum: 75a6d645fb122dad29c06a7597bddea977258957ed88d7a6df59b5cd3fe4a527e253e9bbf2e783e4b73657f9098b96a5fe96ab8a113655d4109108577ecf85b0
  languageName: node
  linkType: hard

"mkdirp@npm:^0.5.1":
  version: 0.5.6
  resolution: "mkdirp@npm:0.5.6"
  dependencies:
    minimist: ^1.2.6
  bin:
    mkdirp: bin/cmd.js
  checksum: 0c91b721bb12c3f9af4b77ebf73604baf350e64d80df91754dc509491ae93bf238581e59c7188360cec7cb62fc4100959245a42cfe01834efedc5e9d068376c2
  languageName: node
  linkType: hard

"ml-array-mean@npm:^1.1.6":
  version: 1.1.6
  resolution: "ml-array-mean@npm:1.1.6"
  dependencies:
    ml-array-sum: ^1.1.6
  checksum: 81999dac8bad3bf2dafb23a9bc71883879b9d55889e48d00b91dd4a2568957a6f5373632ae57324760d1e1d7d29ad45ab4ea7ae32de67ce144d57a21e36dd9c2
  languageName: node
  linkType: hard

"ml-array-sum@npm:^1.1.6":
  version: 1.1.6
  resolution: "ml-array-sum@npm:1.1.6"
  dependencies:
    is-any-array: ^2.0.0
  checksum: 369dbb3681e3f8b0d0facba9fcfc981656dac49a80924859c3ed8f0a5880fb6db2d6e534f8b7b9c3cda59248152e61b27d6419d19c69539de7c3aa6aea3094eb
  languageName: node
  linkType: hard

"ml-distance-euclidean@npm:^2.0.0":
  version: 2.0.0
  resolution: "ml-distance-euclidean@npm:2.0.0"
  checksum: e31f98a947ce6971c35d74e6d2521800f0d219efb34c78b20b5f52debd206008d52e677685c09839e6bab5d2ed233aa009314236e4e548d5fafb60f2f71e2b3e
  languageName: node
  linkType: hard

"ml-distance@npm:^4.0.0":
  version: 4.0.1
  resolution: "ml-distance@npm:4.0.1"
  dependencies:
    ml-array-mean: ^1.1.6
    ml-distance-euclidean: ^2.0.0
    ml-tree-similarity: ^1.0.0
  checksum: 21ea014064eb7795c6c8c16e76bb834cba73f9f1ee2f761a3c3c34536f70bd6299b044dd05c495c533f5bdfea7401011dd4bdd159545ef69f5a021f5be4c77a2
  languageName: node
  linkType: hard

"ml-tree-similarity@npm:^1.0.0":
  version: 1.0.0
  resolution: "ml-tree-similarity@npm:1.0.0"
  dependencies:
    binary-search: ^1.3.5
    num-sort: ^2.0.0
  checksum: f99e217dc94acf75c089469dc3c278f388146e43c82212160b6b75daa14309902f84eb0a00c67d502fc79dc171cf15a33d392326e024b2e89881adc585d15513
  languageName: node
  linkType: hard

"ms@npm:2.1.2":
  version: 2.1.2
  resolution: "ms@npm:2.1.2"
  checksum: 673cdb2c3133eb050c745908d8ce632ed2c02d85640e2edb3ace856a2266a813b30c613569bf3354fdf4ea7d1a1494add3bfa95e2713baa27d0c2c71fc44f58f
  languageName: node
  linkType: hard

"ms@npm:^2.0.0":
  version: 2.1.3
  resolution: "ms@npm:2.1.3"
  checksum: aa92de608021b242401676e35cfa5aa42dd70cbdc082b916da7fb925c542173e36bce97ea3e804923fe92c0ad991434e4a38327e15a1b5b5f945d66df615ae6d
  languageName: node
  linkType: hard

"node-domexception@npm:1.0.0":
  version: 1.0.0
  resolution: "node-domexception@npm:1.0.0"
  checksum: ee1d37dd2a4eb26a8a92cd6b64dfc29caec72bff5e1ed9aba80c294f57a31ba4895a60fd48347cf17dd6e766da0ae87d75657dfd1f384ebfa60462c2283f5c7f
  languageName: node
  linkType: hard

"node-fetch@npm:^2.6.7":
  version: 2.7.0
  resolution: "node-fetch@npm:2.7.0"
  dependencies:
    whatwg-url: ^5.0.0
  peerDependencies:
    encoding: ^0.1.0
  peerDependenciesMeta:
    encoding:
      optional: true
  checksum: d76d2f5edb451a3f05b15115ec89fc6be39de37c6089f1b6368df03b91e1633fd379a7e01b7ab05089a25034b2023d959b47e59759cb38d88341b2459e89d6e5
  languageName: node
  linkType: hard

"node-loader@npm:^2.0.0":
  version: 2.0.0
  resolution: "node-loader@npm:2.0.0"
  dependencies:
    loader-utils: ^2.0.0
  peerDependencies:
    webpack: ^5.0.0
  checksum: 9252a92b226c0e6fdd29fef92d9853d6c389a4c65119a32306dc12cee7886f2ab4dde333dda5e37df92283c34bd0267e98c384be6d548dbe69676e3343f549ea
  languageName: node
  linkType: hard

"num-sort@npm:^2.0.0":
  version: 2.1.0
  resolution: "num-sort@npm:2.1.0"
  checksum: 5a80cd0456c8847f71fb80ad3c3596714cebede76de585aa4fed2b9a4fb0907631edca1f7bb31c24dbb9928b66db3d03059994cc365d2ae011b80ddddac28f6e
  languageName: node
  linkType: hard

"object-hash@npm:^3.0.0":
  version: 3.0.0
  resolution: "object-hash@npm:3.0.0"
  checksum: 80b4904bb3857c52cc1bfd0b52c0352532ca12ed3b8a6ff06a90cd209dfda1b95cee059a7625eb9da29537027f68ac4619363491eedb2f5d3dddbba97494fd6c
  languageName: node
  linkType: hard

"omni-extension-oobabooga@workspace:.":
  version: 0.0.0-use.local
  resolution: "omni-extension-oobabooga@workspace:."
  dependencies:
    esbuild: ^0.19.2
    esnext: ^3.3.1
    omnilib-docs: "https://github.com/manu-sapiens/omnilib-docs.git#main"
    omnilib-llms: "https://github.com/manu-sapiens/omnilib-llms.git#main"
    omnilib-utils: "https://github.com/manu-sapiens/omnilib-utils.git#main"
  languageName: unknown
  linkType: soft

"omnilib-docs@https://github.com/manu-sapiens/omnilib-docs.git#main":
  version: 1.0.01
  resolution: "omnilib-docs@https://github.com/manu-sapiens/omnilib-docs.git#commit=8af6ddc9b013d55876d3a5fcb9ca61e7d7aedd6e"
  dependencies:
    gpt-tokenizer: ^2.1.1
    langchain: ^0.0.123
    node-loader: ^2.0.0
    omnilib-utils: "https://github.com/manu-sapiens/omnilib-utils.git#main"
    tiktoken-node: ^0.0.6
  checksum: 07f8ab7951ff7cd7b78f0fdcd95c0d1dbf210ac175317bb21598e12020e4d183fbc26cf765d7fd961af3a03311bf567fa0ae2343c1e1ef2cd1f1bbf55200a499
  languageName: node
  linkType: hard

"omnilib-llms@https://github.com/manu-sapiens/omnilib-llms.git#main":
  version: 1.0.0
  resolution: "omnilib-llms@https://github.com/manu-sapiens/omnilib-llms.git#commit=01c07cfe8775f677c90bd3e325558f6e7f4b5861"
  dependencies:
    omnilib-utils: "https://github.com/manu-sapiens/omnilib-utils.git#main"
  checksum: e3ec41dabff41325be3bb3fd5f4dbb152506921b991821bfac9aaad345c3d9b93c79b9cce6bfd09ce2761d82df767e398183e5dbbaaa90dc3ce3c95b74149bb7
  languageName: node
  linkType: hard

"omnilib-utils@https://github.com/manu-sapiens/omnilib-utils.git#main":
  version: 1.0.0
  resolution: "omnilib-utils@https://github.com/manu-sapiens/omnilib-utils.git#commit=c3e9d003108073075745dc5bdbee6a2214ab87c2"
  checksum: b733087847508f850a80760e845b0156f0bb0e2fd89feb4696e0903f4478a475b021ebff95b81eec24e0d907a658be7c285d89b87cb6c2c8c6f86221acefc464
  languageName: node
  linkType: hard

"openai@npm:^3.3.0":
  version: 3.3.0
  resolution: "openai@npm:3.3.0"
  dependencies:
    axios: ^0.26.0
    form-data: ^4.0.0
  checksum: 28ccff8c09b6f47828c9583bb3bafc38a8459c76ea10eb9e08ca880f65523c5a9cc6c5f3c7669dded6f4c93e7cf49dd5c4dbfd12732a0f958c923117740d677b
  languageName: node
  linkType: hard

"openapi-types@npm:^12.1.3":
  version: 12.1.3
  resolution: "openapi-types@npm:12.1.3"
  checksum: 7fa5547f87a58d2aa0eba6e91d396f42d7d31bc3ae140e61b5d60b47d2fd068b48776f42407d5a8da7280cf31195aa128c2fc285e8bb871d1105edee5647a0bb
  languageName: node
  linkType: hard

"p-finally@npm:^1.0.0":
  version: 1.0.0
  resolution: "p-finally@npm:1.0.0"
  checksum: 93a654c53dc805dd5b5891bab16eb0ea46db8f66c4bfd99336ae929323b1af2b70a8b0654f8f1eae924b2b73d037031366d645f1fd18b3d30cbd15950cc4b1d4
  languageName: node
  linkType: hard

"p-queue@npm:^6.6.2":
  version: 6.6.2
  resolution: "p-queue@npm:6.6.2"
  dependencies:
    eventemitter3: ^4.0.4
    p-timeout: ^3.2.0
  checksum: 832642fcc4ab6477b43e6d7c30209ab10952969ed211c6d6f2931be8a4f9935e3578c72e8cce053dc34f2eb6941a408a2c516a54904e989851a1a209cf19761c
  languageName: node
  linkType: hard

"p-retry@npm:4":
  version: 4.6.2
  resolution: "p-retry@npm:4.6.2"
  dependencies:
    "@types/retry": 0.12.0
    retry: ^0.13.1
  checksum: 45c270bfddaffb4a895cea16cb760dcc72bdecb6cb45fef1971fa6ea2e91ddeafddefe01e444ac73e33b1b3d5d29fb0dd18a7effb294262437221ddc03ce0f2e
  languageName: node
  linkType: hard

"p-timeout@npm:^3.2.0":
  version: 3.2.0
  resolution: "p-timeout@npm:3.2.0"
  dependencies:
    p-finally: ^1.0.0
  checksum: 3dd0eaa048780a6f23e5855df3dd45c7beacff1f820476c1d0d1bcd6648e3298752ba2c877aa1c92f6453c7dd23faaf13d9f5149fc14c0598a142e2c5e8d649c
  languageName: node
  linkType: hard

"retry@npm:^0.13.1":
  version: 0.13.1
  resolution: "retry@npm:0.13.1"
  checksum: 47c4d5be674f7c13eee4cfe927345023972197dbbdfba5d3af7e461d13b44de1bfd663bfc80d2f601f8ef3fc8164c16dd99655a221921954a65d044a2fc1233b
  languageName: node
  linkType: hard

"rfc4648@npm:^1.5.2":
  version: 1.5.2
  resolution: "rfc4648@npm:1.5.2"
  checksum: bc3d9c4fbfdbbb363c640f9cb56fc01d2e1ca64305b2b6409aaf59cb85c1adecb2545c03deee8889cce2685e15fb7dd47581665c288e4f45068ffece2642f2e8
  languageName: node
  linkType: hard

"shebang-regex@npm:^2.0.0":
  version: 2.0.0
  resolution: "shebang-regex@npm:2.0.0"
  checksum: 6134412ab9ad38f81fa561f1e84cd5ef2a50b182babb06909ef15c6442aab6a985e3686ecaa6acac6806bf790f06fc6fe38924a371853406e5c3ac33ffb7cb10
  languageName: node
  linkType: hard

"strip-indent@npm:^2.0.0":
  version: 2.0.0
  resolution: "strip-indent@npm:2.0.0"
  checksum: 7d9080d02ddace616ebbc17846e41d3880cb147e2a81e51142281322ded6b05b230a4fb12c2e5266f62735cf8f5fb9839e55d74799d11f26bcc8c71ca049a0ba
  languageName: node
  linkType: hard

"supports-color@npm:^5.3.0":
  version: 5.5.0
  resolution: "supports-color@npm:5.5.0"
  dependencies:
    has-flag: ^3.0.0
  checksum: 95f6f4ba5afdf92f495b5a912d4abee8dcba766ae719b975c56c084f5004845f6f5a5f7769f52d53f40e21952a6d87411bafe34af4a01e65f9926002e38e1dac
  languageName: node
  linkType: hard

"tiktoken-node@npm:^0.0.6":
  version: 0.0.6
  resolution: "tiktoken-node@npm:0.0.6"
  checksum: 78f8b90f25268c12eac7553df6a1f9ee10b3e807e85c4bff50956a00b0f9f760b28580ae6b6e26d35f61e03e092b9618985d1826957f88bdc95c5b7303cc7d2d
  languageName: node
  linkType: hard

"to-fast-properties@npm:^2.0.0":
  version: 2.0.0
  resolution: "to-fast-properties@npm:2.0.0"
  checksum: be2de62fe58ead94e3e592680052683b1ec986c72d589e7b21e5697f8744cdbf48c266fa72f6c15932894c10187b5f54573a3bcf7da0bfd964d5caf23d436168
  languageName: node
  linkType: hard

"tr46@npm:~0.0.3":
  version: 0.0.3
  resolution: "tr46@npm:0.0.3"
  checksum: 726321c5eaf41b5002e17ffbd1fb7245999a073e8979085dacd47c4b4e8068ff5777142fc6726d6ca1fd2ff16921b48788b87225cbc57c72636f6efa8efbffe3
  languageName: node
  linkType: hard

"uuid@npm:^9.0.0":
  version: 9.0.0
  resolution: "uuid@npm:9.0.0"
  bin:
    uuid: dist/bin/uuid
  checksum: 8dd2c83c43ddc7e1c71e36b60aea40030a6505139af6bee0f382ebcd1a56f6cd3028f7f06ffb07f8cf6ced320b76aea275284b224b002b289f89fe89c389b028
  languageName: node
  linkType: hard

"vlq@npm:^0.2.2":
  version: 0.2.3
  resolution: "vlq@npm:0.2.3"
  checksum: 2231d8caeb5b2c1a438677ab029e9a94aa6fb61ab05819c72691b792aea0456dab29576aff5ae29309ee45bad0a309e832dc45173119bca1393f3b87709d8f8d
  languageName: node
  linkType: hard

"web-streams-polyfill@npm:4.0.0-beta.3":
  version: 4.0.0-beta.3
  resolution: "web-streams-polyfill@npm:4.0.0-beta.3"
  checksum: dfec1fbf52b9140e4183a941e380487b6c3d5d3838dd1259be81506c1c9f2abfcf5aeb670aeeecfd9dff4271a6d8fef931b193c7bedfb42542a3b05ff36c0d16
  languageName: node
  linkType: hard

"webidl-conversions@npm:^3.0.0":
  version: 3.0.1
  resolution: "webidl-conversions@npm:3.0.1"
  checksum: c92a0a6ab95314bde9c32e1d0a6dfac83b578f8fa5f21e675bc2706ed6981bc26b7eb7e6a1fab158e5ce4adf9caa4a0aee49a52505d4d13c7be545f15021b17c
  languageName: node
  linkType: hard

"whatwg-url@npm:^5.0.0":
  version: 5.0.0
  resolution: "whatwg-url@npm:5.0.0"
  dependencies:
    tr46: ~0.0.3
    webidl-conversions: ^3.0.0
  checksum: b8daed4ad3356cc4899048a15b2c143a9aed0dfae1f611ebd55073310c7b910f522ad75d727346ad64203d7e6c79ef25eafd465f4d12775ca44b90fa82ed9e2c
  languageName: node
  linkType: hard

"yaml@npm:^2.2.1":
  version: 2.3.2
  resolution: "yaml@npm:2.3.2"
  checksum: acd80cc24df12c808c6dec8a0176d404ef9e6f08ad8786f746ecc9d8974968c53c6e8a67fdfabcc5f99f3dc59b6bb0994b95646ff03d18e9b1dcd59eccc02146
  languageName: node
  linkType: hard

"zod-to-json-schema@npm:^3.20.4":
  version: 3.21.4
  resolution: "zod-to-json-schema@npm:3.21.4"
  peerDependencies:
    zod: ^3.21.4
  checksum: 899c1f461fb6547c0b08a265c82040c250be9b88d3f408f2f3ff77a418fdfad7549077e589d418fccb312c1f6d555c3c7217b199cc9072762e1fab20716dd2a6
  languageName: node
  linkType: hard

"zod@npm:^3.21.4":
  version: 3.22.2
  resolution: "zod@npm:3.22.2"
  checksum: 231e2180c8eabb56e88680d80baff5cf6cbe6d64df3c44c50ebe52f73081ecd0229b1c7215b9552537f537a36d9e36afac2737ddd86dc14e3519bdbc777e82b9
  languageName: node
  linkType: hard
